
Microsoft Visual Studio Solution File, Format Version 12.00
# Visual Studio Version 17
VisualStudioVersion = 17.8.34322.80
MinimumVisualStudioVersion = 10.0.40219.1
Project("{8BC9CEB8-8B4A-11D0-8D11-00A0C91BC942}") = "engine", "engine\engine.vcxproj", "{9E0A905D-8FC1-431B-AE0F-67C7A3D5CE9B}"
EndProject
Global
	GlobalSection(SolutionConfigurationPlatforms) = preSolution
		Debug|x64 = Debug|x64
		Debug|x86 = Debug|x86
		Release|x64 = Release|x64
		Release|x86 = Release|x86
	EndGlobalSection
	GlobalSection(ProjectConfigurationPlatforms) = postSolution
		{9E0A905D-8FC1-431B-AE0F-67C7A3D5CE9B}.Debug|x64.ActiveCfg = Debug|x64
		{9E0A905D-8FC1-431B-AE0F-67C7A3D5CE9B}.Debug|x64.Build.0 = Debug|x64
		{9E0A905D-8FC1-431B-AE0F-67C7A3D5CE9B}.Debug|x86.ActiveCfg = Debug|Win32
		{9E0A905D-8FC1-431B-AE0F-67C7A3D5CE9B}.Debug|x86.Build.0 = Debug|Win32
		{9E0A905D-8FC1-431B-AE0F-67C7A3D5CE9B}.Release|x64.ActiveCfg = Release|x64
		{9E0A905D-8FC1-431B-AE0F-67C7A3D5CE9B}.Release|x64.Build.0 = Release|x64
		{9E0A905D-8FC1-431B-AE0F-67C7A3D5CE9B}.Release|x86.ActiveCfg = Release|Win32
		{9E0A905D-8FC1-431B-AE0F-67C7A3D5CE9B}.Release|x86.Build.0 = Release|Win32
	EndGlobalSection
	GlobalSection(SolutionProperties) = preSolution
		HideSolutionNode = FALSE
	EndGlobalSection
	GlobalSection(ExtensibilityGlobals) = postSolution
		SolutionGuid = {3F15F05C-3291-4F4A-9846-3AB2078690C9}
	EndGlobalSection
EndGlobal
